
Microsoft Visual Studio Solution File, Format Version 12.00
# Visual Studio Version 17
VisualStudioVersion = 17.13.35913.81
MinimumVisualStudioVersion = 10.0.40219.1
Project("{FAE04EC0-301F-11D3-BF4B-00C04F79EFBC}") = "Data", "Data\Data.csproj", "{DCE1F5B0-2C5E-49D2-89F5-3F48D70B492D}"
EndProject
Project("{FAE04EC0-301F-11D3-BF4B-00C04F79EFBC}") = "DataTest", "DataTest\DataTest.csproj", "{A2A8510A-3591-4764-BBDE-8ED83B6D74B6}"
	ProjectSection(ProjectDependencies) = postProject
		{DCE1F5B0-2C5E-49D2-89F5-3F48D70B492D} = {DCE1F5B0-2C5E-49D2-89F5-3F48D70B492D}
	EndProjectSection
EndProject
Project("{FAE04EC0-301F-11D3-BF4B-00C04F79EFBC}") = "Logic", "Logic\Logic.csproj", "{29335AD1-BEF2-447A-B9BF-A39953E473BF}"
EndProject
Project("{FAE04EC0-301F-11D3-BF4B-00C04F79EFBC}") = "LogicTest", "LogicTest\LogicTest.csproj", "{961FD163-4A5E-40E3-9731-2BA6C00994EE}"
	ProjectSection(ProjectDependencies) = postProject
		{29335AD1-BEF2-447A-B9BF-A39953E473BF} = {29335AD1-BEF2-447A-B9BF-A39953E473BF}
	EndProjectSection
EndProject
Project("{FAE04EC0-301F-11D3-BF4B-00C04F79EFBC}") = "PresentationModel", "PresentationModel\PresentationModel.csproj", "{529799D5-7BD6-4BC2-A47C-AE5FE761A24B}"
EndProject
Project("{FAE04EC0-301F-11D3-BF4B-00C04F79EFBC}") = "PresentationViewModel", "PresentationViewModel\PresentationViewModel.csproj", "{3FB183D8-8BE7-4452-97FC-64E627C6F910}"
EndProject
Project("{FAE04EC0-301F-11D3-BF4B-00C04F79EFBC}") = "PresentationView", "PresentationView\PresentationView.csproj", "{B854B2D5-452E-4613-A642-74880422FD3D}"
EndProject
Project("{FAE04EC0-301F-11D3-BF4B-00C04F79EFBC}") = "Server", "Server\Server.csproj", "{5CA01856-38AC-4DB9-A806-9B3DB80ECC25}"
EndProject
Project("{FAE04EC0-301F-11D3-BF4B-00C04F79EFBC}") = "Client", "Client\Client.csproj", "{894AB5B3-1ED1-4DD6-8E5A-D5A325B04D9C}"
EndProject
Project("{FAE04EC0-301F-11D3-BF4B-00C04F79EFBC}") = "Communication", "Communication\Communication.csproj", "{DABB9535-06E6-4D79-9393-7DF29261745E}"
EndProject
Global
	GlobalSection(SolutionConfigurationPlatforms) = preSolution
		Debug|Any CPU = Debug|Any CPU
		Release|Any CPU = Release|Any CPU
	EndGlobalSection
	GlobalSection(ProjectConfigurationPlatforms) = postSolution
		{DCE1F5B0-2C5E-49D2-89F5-3F48D70B492D}.Debug|Any CPU.ActiveCfg = Debug|Any CPU
		{DCE1F5B0-2C5E-49D2-89F5-3F48D70B492D}.Debug|Any CPU.Build.0 = Debug|Any CPU
		{DCE1F5B0-2C5E-49D2-89F5-3F48D70B492D}.Release|Any CPU.ActiveCfg = Release|Any CPU
		{DCE1F5B0-2C5E-49D2-89F5-3F48D70B492D}.Release|Any CPU.Build.0 = Release|Any CPU
		{A2A8510A-3591-4764-BBDE-8ED83B6D74B6}.Debug|Any CPU.ActiveCfg = Debug|Any CPU
		{A2A8510A-3591-4764-BBDE-8ED83B6D74B6}.Debug|Any CPU.Build.0 = Debug|Any CPU
		{A2A8510A-3591-4764-BBDE-8ED83B6D74B6}.Release|Any CPU.ActiveCfg = Release|Any CPU
		{A2A8510A-3591-4764-BBDE-8ED83B6D74B6}.Release|Any CPU.Build.0 = Release|Any CPU
		{29335AD1-BEF2-447A-B9BF-A39953E473BF}.Debug|Any CPU.ActiveCfg = Debug|Any CPU
		{29335AD1-BEF2-447A-B9BF-A39953E473BF}.Debug|Any CPU.Build.0 = Debug|Any CPU
		{29335AD1-BEF2-447A-B9BF-A39953E473BF}.Release|Any CPU.ActiveCfg = Release|Any CPU
		{29335AD1-BEF2-447A-B9BF-A39953E473BF}.Release|Any CPU.Build.0 = Release|Any CPU
		{961FD163-4A5E-40E3-9731-2BA6C00994EE}.Debug|Any CPU.ActiveCfg = Debug|Any CPU
		{961FD163-4A5E-40E3-9731-2BA6C00994EE}.Debug|Any CPU.Build.0 = Debug|Any CPU
		{961FD163-4A5E-40E3-9731-2BA6C00994EE}.Release|Any CPU.ActiveCfg = Release|Any CPU
		{961FD163-4A5E-40E3-9731-2BA6C00994EE}.Release|Any CPU.Build.0 = Release|Any CPU
		{529799D5-7BD6-4BC2-A47C-AE5FE761A24B}.Debug|Any CPU.ActiveCfg = Debug|Any CPU
		{529799D5-7BD6-4BC2-A47C-AE5FE761A24B}.Debug|Any CPU.Build.0 = Debug|Any CPU
		{529799D5-7BD6-4BC2-A47C-AE5FE761A24B}.Release|Any CPU.ActiveCfg = Release|Any CPU
		{529799D5-7BD6-4BC2-A47C-AE5FE761A24B}.Release|Any CPU.Build.0 = Release|Any CPU
		{3FB183D8-8BE7-4452-97FC-64E627C6F910}.Debug|Any CPU.ActiveCfg = Debug|Any CPU
		{3FB183D8-8BE7-4452-97FC-64E627C6F910}.Debug|Any CPU.Build.0 = Debug|Any CPU
		{3FB183D8-8BE7-4452-97FC-64E627C6F910}.Release|Any CPU.ActiveCfg = Release|Any CPU
		{3FB183D8-8BE7-4452-97FC-64E627C6F910}.Release|Any CPU.Build.0 = Release|Any CPU
		{B854B2D5-452E-4613-A642-74880422FD3D}.Debug|Any CPU.ActiveCfg = Debug|Any CPU
		{B854B2D5-452E-4613-A642-74880422FD3D}.Debug|Any CPU.Build.0 = Debug|Any CPU
		{B854B2D5-452E-4613-A642-74880422FD3D}.Release|Any CPU.ActiveCfg = Release|Any CPU
		{B854B2D5-452E-4613-A642-74880422FD3D}.Release|Any CPU.Build.0 = Release|Any CPU
		{5CA01856-38AC-4DB9-A806-9B3DB80ECC25}.Debug|Any CPU.ActiveCfg = Debug|Any CPU
		{5CA01856-38AC-4DB9-A806-9B3DB80ECC25}.Debug|Any CPU.Build.0 = Debug|Any CPU
		{5CA01856-38AC-4DB9-A806-9B3DB80ECC25}.Release|Any CPU.ActiveCfg = Release|Any CPU
		{5CA01856-38AC-4DB9-A806-9B3DB80ECC25}.Release|Any CPU.Build.0 = Release|Any CPU
		{894AB5B3-1ED1-4DD6-8E5A-D5A325B04D9C}.Debug|Any CPU.ActiveCfg = Debug|Any CPU
		{894AB5B3-1ED1-4DD6-8E5A-D5A325B04D9C}.Debug|Any CPU.Build.0 = Debug|Any CPU
		{894AB5B3-1ED1-4DD6-8E5A-D5A325B04D9C}.Release|Any CPU.ActiveCfg = Release|Any CPU
		{894AB5B3-1ED1-4DD6-8E5A-D5A325B04D9C}.Release|Any CPU.Build.0 = Release|Any CPU
		{DABB9535-06E6-4D79-9393-7DF29261745E}.Debug|Any CPU.ActiveCfg = Debug|Any CPU
		{DABB9535-06E6-4D79-9393-7DF29261745E}.Debug|Any CPU.Build.0 = Debug|Any CPU
		{DABB9535-06E6-4D79-9393-7DF29261745E}.Release|Any CPU.ActiveCfg = Release|Any CPU
		{DABB9535-06E6-4D79-9393-7DF29261745E}.Release|Any CPU.Build.0 = Release|Any CPU
	EndGlobalSection
	GlobalSection(SolutionProperties) = preSolution
		HideSolutionNode = FALSE
	EndGlobalSection
	GlobalSection(ExtensibilityGlobals) = postSolution
		SolutionGuid = {718C4C0F-0990-4DD7-9EDC-610D4A6BBC46}
	EndGlobalSection
EndGlobal
